// !$*UTF8*$!
{
	archiveVersion = 1;
	classes = {
	};
	objectVersion = 46;
	objects = {

/* Begin PBXBuildFile section */
		1F1241771CC134C4008452FE /* AppDelegate.swift in Sources */ = {isa = PBXBuildFile; fileRef = 1F1241761CC134C4008452FE /* AppDelegate.swift */; };
		1F1241791CC134C4008452FE /* ViewController.swift in Sources */ = {isa = PBXBuildFile; fileRef = 1F1241781CC134C4008452FE /* ViewController.swift */; };
		1F12417C1CC134C4008452FE /* Main.storyboard in Resources */ = {isa = PBXBuildFile; fileRef = 1F12417A1CC134C4008452FE /* Main.storyboard */; };
		1F12417E1CC134C4008452FE /* Assets.xcassets in Resources */ = {isa = PBXBuildFile; fileRef = 1F12417D1CC134C4008452FE /* Assets.xcassets */; };
		1F1241811CC134C4008452FE /* LaunchScreen.storyboard in Resources */ = {isa = PBXBuildFile; fileRef = 1F12417F1CC134C4008452FE /* LaunchScreen.storyboard */; };
		1F12418C1CC134C4008452FE /* TestRunTests.swift in Sources */ = {isa = PBXBuildFile; fileRef = 1F12418B1CC134C4008452FE /* TestRunTests.swift */; };
		1F1241971CC134C4008452FE /* TestRunUITests.swift in Sources */ = {isa = PBXBuildFile; fileRef = 1F1241961CC134C4008452FE /* TestRunUITests.swift */; };
		1F1241A61CC135EB008452FE /* RxCocoa.framework in Frameworks */ = {isa = PBXBuildFile; fileRef = 1F1241A41CC135EB008452FE /* RxCocoa.framework */; };
		1F1241A71CC135EB008452FE /* RxCocoa.framework in Embed Frameworks */ = {isa = PBXBuildFile; fileRef = 1F1241A41CC135EB008452FE /* RxCocoa.framework */; settings = {ATTRIBUTES = (CodeSignOnCopy, RemoveHeadersOnCopy, ); }; };
		1F1241A81CC135EB008452FE /* RxSwift.framework in Frameworks */ = {isa = PBXBuildFile; fileRef = 1F1241A51CC135EB008452FE /* RxSwift.framework */; };
		1F1241A91CC135EB008452FE /* RxSwift.framework in Embed Frameworks */ = {isa = PBXBuildFile; fileRef = 1F1241A51CC135EB008452FE /* RxSwift.framework */; settings = {ATTRIBUTES = (CodeSignOnCopy, RemoveHeadersOnCopy, ); }; };
/* End PBXBuildFile section */

/* Begin PBXContainerItemProxy section */
		1F1241881CC134C4008452FE /* PBXContainerItemProxy */ = {
			isa = PBXContainerItemProxy;
			containerPortal = 1F12416B1CC134C4008452FE /* Project object */;
			proxyType = 1;
			remoteGlobalIDString = 1F1241721CC134C4008452FE;
			remoteInfo = TestRun;
		};
		1F1241931CC134C4008452FE /* PBXContainerItemProxy */ = {
			isa = PBXContainerItemProxy;
			containerPortal = 1F12416B1CC134C4008452FE /* Project object */;
			proxyType = 1;
			remoteGlobalIDString = 1F1241721CC134C4008452FE;
			remoteInfo = TestRun;
		};
/* End PBXContainerItemProxy section */

/* Begin PBXCopyFilesBuildPhase section */
		1F1241AA1CC135EB008452FE /* Embed Frameworks */ = {
			isa = PBXCopyFilesBuildPhase;
			buildActionMask = 2147483647;
			dstPath = "";
			dstSubfolderSpec = 10;
			files = (
				1F1241A91CC135EB008452FE /* RxSwift.framework in Embed Frameworks */,
				1F1241A71CC135EB008452FE /* RxCocoa.framework in Embed Frameworks */,
			);
			name = "Embed Frameworks";
			runOnlyForDeploymentPostprocessing = 0;
		};
/* End PBXCopyFilesBuildPhase section */

/* Begin PBXFileReference section */
		1F1241731CC134C4008452FE /* TestRun.app */ = {isa = PBXFileReference; explicitFileType = wrapper.application; includeInIndex = 0; path = TestRun.app; sourceTree = BUILT_PRODUCTS_DIR; };
		1F1241761CC134C4008452FE /* AppDelegate.swift */ = {isa = PBXFileReference; lastKnownFileType = sourcecode.swift; path = AppDelegate.swift; sourceTree = "<group>"; };
		1F1241781CC134C4008452FE /* ViewController.swift */ = {isa = PBXFileReference; lastKnownFileType = sourcecode.swift; path = ViewController.swift; sourceTree = "<group>"; };
		1F12417B1CC134C4008452FE /* Base */ = {isa = PBXFileReference; lastKnownFileType = file.storyboard; name = Base; path = Base.lproj/Main.storyboard; sourceTree = "<group>"; };
		1F12417D1CC134C4008452FE /* Assets.xcassets */ = {isa = PBXFileReference; lastKnownFileType = folder.assetcatalog; path = Assets.xcassets; sourceTree = "<group>"; };
		1F1241801CC134C4008452FE /* Base */ = {isa = PBXFileReference; lastKnownFileType = file.storyboard; name = Base; path = Base.lproj/LaunchScreen.storyboard; sourceTree = "<group>"; };
		1F1241821CC134C4008452FE /* Info.plist */ = {isa = PBXFileReference; lastKnownFileType = text.plist.xml; path = Info.plist; sourceTree = "<group>"; };
		1F1241871CC134C4008452FE /* TestRunTests.xctest */ = {isa = PBXFileReference; explicitFileType = wrapper.cfbundle; includeInIndex = 0; path = TestRunTests.xctest; sourceTree = BUILT_PRODUCTS_DIR; };
		1F12418B1CC134C4008452FE /* TestRunTests.swift */ = {isa = PBXFileReference; lastKnownFileType = sourcecode.swift; path = TestRunTests.swift; sourceTree = "<group>"; };
		1F12418D1CC134C4008452FE /* Info.plist */ = {isa = PBXFileReference; lastKnownFileType = text.plist.xml; path = Info.plist; sourceTree = "<group>"; };
		1F1241921CC134C4008452FE /* TestRunUITests.xctest */ = {isa = PBXFileReference; explicitFileType = wrapper.cfbundle; includeInIndex = 0; path = TestRunUITests.xctest; sourceTree = BUILT_PRODUCTS_DIR; };
		1F1241961CC134C4008452FE /* TestRunUITests.swift */ = {isa = PBXFileReference; lastKnownFileType = sourcecode.swift; path = TestRunUITests.swift; sourceTree = "<group>"; };
		1F1241981CC134C4008452FE /* Info.plist */ = {isa = PBXFileReference; lastKnownFileType = text.plist.xml; path = Info.plist; sourceTree = "<group>"; };
		1F1241A41CC135EB008452FE /* RxCocoa.framework */ = {isa = PBXFileReference; lastKnownFileType = wrapper.framework; name = RxCocoa.framework; path = Carthage/Build/iOS/RxCocoa.framework; sourceTree = "<group>"; };
		1F1241A51CC135EB008452FE /* RxSwift.framework */ = {isa = PBXFileReference; lastKnownFileType = wrapper.framework; name = RxSwift.framework; path = Carthage/Build/iOS/RxSwift.framework; sourceTree = "<group>"; };
/* End PBXFileReference section */

/* Begin PBXFrameworksBuildPhase section */
		1F1241701CC134C4008452FE /* Frameworks */ = {
			isa = PBXFrameworksBuildPhase;
			buildActionMask = 2147483647;
			files = (
				1F1241A81CC135EB008452FE /* RxSwift.framework in Frameworks */,
				1F1241A61CC135EB008452FE /* RxCocoa.framework in Frameworks */,
			);
			runOnlyForDeploymentPostprocessing = 0;
		};
		1F1241841CC134C4008452FE /* Frameworks */ = {
			isa = PBXFrameworksBuildPhase;
			buildActionMask = 2147483647;
			files = (
			);
			runOnlyForDeploymentPostprocessing = 0;
		};
		1F12418F1CC134C4008452FE /* Frameworks */ = {
			isa = PBXFrameworksBuildPhase;
			buildActionMask = 2147483647;
			files = (
			);
			runOnlyForDeploymentPostprocessing = 0;
		};
/* End PBXFrameworksBuildPhase section */

/* Begin PBXGroup section */
		1F12416A1CC134C4008452FE = {
			isa = PBXGroup;
			children = (
				1F1241751CC134C4008452FE /* TestRun */,
				1F12418A1CC134C4008452FE /* TestRunTests */,
				1F1241951CC134C4008452FE /* TestRunUITests */,
				1F1241AB1CC135F2008452FE /* Frameworks */,
				1F1241741CC134C4008452FE /* Products */,
			);
			sourceTree = "<group>";
		};
		1F1241741CC134C4008452FE /* Products */ = {
			isa = PBXGroup;
			children = (
				1F1241731CC134C4008452FE /* TestRun.app */,
				1F1241871CC134C4008452FE /* TestRunTests.xctest */,
				1F1241921CC134C4008452FE /* TestRunUITests.xctest */,
			);
			name = Products;
			sourceTree = "<group>";
		};
		1F1241751CC134C4008452FE /* TestRun */ = {
			isa = PBXGroup;
			children = (
				1F1241761CC134C4008452FE /* AppDelegate.swift */,
				1F1241781CC134C4008452FE /* ViewController.swift */,
				1F12417A1CC134C4008452FE /* Main.storyboard */,
				1F12417D1CC134C4008452FE /* Assets.xcassets */,
				1F12417F1CC134C4008452FE /* LaunchScreen.storyboard */,
				1F1241821CC134C4008452FE /* Info.plist */,
			);
			path = TestRun;
			sourceTree = "<group>";
		};
		1F12418A1CC134C4008452FE /* TestRunTests */ = {
			isa = PBXGroup;
			children = (
				1F12418B1CC134C4008452FE /* TestRunTests.swift */,
				1F12418D1CC134C4008452FE /* Info.plist */,
			);
			path = TestRunTests;
			sourceTree = "<group>";
		};
		1F1241951CC134C4008452FE /* TestRunUITests */ = {
			isa = PBXGroup;
			children = (
				1F1241961CC134C4008452FE /* TestRunUITests.swift */,
				1F1241981CC134C4008452FE /* Info.plist */,
			);
			path = TestRunUITests;
			sourceTree = "<group>";
		};
		1F1241AB1CC135F2008452FE /* Frameworks */ = {
			isa = PBXGroup;
			children = (
				1F1241A41CC135EB008452FE /* RxCocoa.framework */,
				1F1241A51CC135EB008452FE /* RxSwift.framework */,
			);
			name = Frameworks;
			sourceTree = "<group>";
		};
/* End PBXGroup section */

/* Begin PBXNativeTarget section */
		1F1241721CC134C4008452FE /* TestRun */ = {
			isa = PBXNativeTarget;
			buildConfigurationList = 1F12419B1CC134C4008452FE /* Build configuration list for PBXNativeTarget "TestRun" */;
			buildPhases = (
				1F12416F1CC134C4008452FE /* Sources */,
				1F1241701CC134C4008452FE /* Frameworks */,
				1F1241711CC134C4008452FE /* Resources */,
				1F1241AA1CC135EB008452FE /* Embed Frameworks */,
			);
			buildRules = (
			);
			dependencies = (
			);
			name = TestRun;
			productName = TestRun;
			productReference = 1F1241731CC134C4008452FE /* TestRun.app */;
			productType = "com.apple.product-type.application";
		};
		1F1241861CC134C4008452FE /* TestRunTests */ = {
			isa = PBXNativeTarget;
			buildConfigurationList = 1F12419E1CC134C4008452FE /* Build configuration list for PBXNativeTarget "TestRunTests" */;
			buildPhases = (
				1F1241831CC134C4008452FE /* Sources */,
				1F1241841CC134C4008452FE /* Frameworks */,
				1F1241851CC134C4008452FE /* Resources */,
			);
			buildRules = (
			);
			dependencies = (
				1F1241891CC134C4008452FE /* PBXTargetDependency */,
			);
			name = TestRunTests;
			productName = TestRunTests;
			productReference = 1F1241871CC134C4008452FE /* TestRunTests.xctest */;
			productType = "com.apple.product-type.bundle.unit-test";
		};
		1F1241911CC134C4008452FE /* TestRunUITests */ = {
			isa = PBXNativeTarget;
			buildConfigurationList = 1F1241A11CC134C4008452FE /* Build configuration list for PBXNativeTarget "TestRunUITests" */;
			buildPhases = (
				1F12418E1CC134C4008452FE /* Sources */,
				1F12418F1CC134C4008452FE /* Frameworks */,
				1F1241901CC134C4008452FE /* Resources */,
			);
			buildRules = (
			);
			dependencies = (
				1F1241941CC134C4008452FE /* PBXTargetDependency */,
			);
			name = TestRunUITests;
			productName = TestRunUITests;
			productReference = 1F1241921CC134C4008452FE /* TestRunUITests.xctest */;
			productType = "com.apple.product-type.bundle.ui-testing";
		};
/* End PBXNativeTarget section */

/* Begin PBXProject section */
		1F12416B1CC134C4008452FE /* Project object */ = {
			isa = PBXProject;
			attributes = {
				LastSwiftUpdateCheck = 0730;
				LastUpgradeCheck = 0730;
				ORGANIZATIONNAME = "Guanshan Liu";
				TargetAttributes = {
					1F1241721CC134C4008452FE = {
						CreatedOnToolsVersion = 7.3;
					};
					1F1241861CC134C4008452FE = {
						CreatedOnToolsVersion = 7.3;
						TestTargetID = 1F1241721CC134C4008452FE;
					};
					1F1241911CC134C4008452FE = {
						CreatedOnToolsVersion = 7.3;
						TestTargetID = 1F1241721CC134C4008452FE;
					};
				};
			};
			buildConfigurationList = 1F12416E1CC134C4008452FE /* Build configuration list for PBXProject "TestRun" */;
			compatibilityVersion = "Xcode 3.2";
			developmentRegion = English;
			hasScannedForEncodings = 0;
			knownRegions = (
				en,
				Base,
			);
			mainGroup = 1F12416A1CC134C4008452FE;
			productRefGroup = 1F1241741CC134C4008452FE /* Products */;
			projectDirPath = "";
			projectRoot = "";
			targets = (
				1F1241721CC134C4008452FE /* TestRun */,
				1F1241861CC134C4008452FE /* TestRunTests */,
				1F1241911CC134C4008452FE /* TestRunUITests */,
			);
		};
/* End PBXProject section */

/* Begin PBXResourcesBuildPhase section */
		1F1241711CC134C4008452FE /* Resources */ = {
			isa = PBXResourcesBuildPhase;
			buildActionMask = 2147483647;
			files = (
				1F1241811CC134C4008452FE /* LaunchScreen.storyboard in Resources */,
				1F12417E1CC134C4008452FE /* Assets.xcassets in Resources */,
				1F12417C1CC134C4008452FE /* Main.storyboard in Resources */,
			);
			runOnlyForDeploymentPostprocessing = 0;
		};
		1F1241851CC134C4008452FE /* Resources */ = {
			isa = PBXResourcesBuildPhase;
			buildActionMask = 2147483647;
			files = (
			);
			runOnlyForDeploymentPostprocessing = 0;
		};
		1F1241901CC134C4008452FE /* Resources */ = {
			isa = PBXResourcesBuildPhase;
			buildActionMask = 2147483647;
			files = (
			);
			runOnlyForDeploymentPostprocessing = 0;
		};
/* End PBXResourcesBuildPhase section */

/* Begin PBXSourcesBuildPhase section */
		1F12416F1CC134C4008452FE /* Sources */ = {
			isa = PBXSourcesBuildPhase;
			buildActionMask = 2147483647;
			files = (
				1F1241791CC134C4008452FE /* ViewController.swift in Sources */,
				1F1241771CC134C4008452FE /* AppDelegate.swift in Sources */,
			);
			runOnlyForDeploymentPostprocessing = 0;
		};
		1F1241831CC134C4008452FE /* Sources */ = {
			isa = PBXSourcesBuildPhase;
			buildActionMask = 2147483647;
			files = (
				1F12418C1CC134C4008452FE /* TestRunTests.swift in Sources */,
			);
			runOnlyForDeploymentPostprocessing = 0;
		};
		1F12418E1CC134C4008452FE /* Sources */ = {
			isa = PBXSourcesBuildPhase;
			buildActionMask = 2147483647;
			files = (
				1F1241971CC134C4008452FE /* TestRunUITests.swift in Sources */,
			);
			runOnlyForDeploymentPostprocessing = 0;
		};
/* End PBXSourcesBuildPhase section */

/* Begin PBXTargetDependency section */
		1F1241891CC134C4008452FE /* PBXTargetDependency */ = {
			isa = PBXTargetDependency;
			target = 1F1241721CC134C4008452FE /* TestRun */;
			targetProxy = 1F1241881CC134C4008452FE /* PBXContainerItemProxy */;
		};
		1F1241941CC134C4008452FE /* PBXTargetDependency */ = {
			isa = PBXTargetDependency;
			target = 1F1241721CC134C4008452FE /* TestRun */;
			targetProxy = 1F1241931CC134C4008452FE /* PBXContainerItemProxy */;
		};
/* End PBXTargetDependency section */

/* Begin PBXVariantGroup section */
		1F12417A1CC134C4008452FE /* Main.storyboard */ = {
			isa = PBXVariantGroup;
			children = (
				1F12417B1CC134C4008452FE /* Base */,
			);
			name = Main.storyboard;
			sourceTree = "<group>";
		};
		1F12417F1CC134C4008452FE /* LaunchScreen.storyboard */ = {
			isa = PBXVariantGroup;
			children = (
				1F1241801CC134C4008452FE /* Base */,
			);
			name = LaunchScreen.storyboard;
			sourceTree = "<group>";
		};
/* End PBXVariantGroup section */

/* Begin XCBuildConfiguration section */
		1F1241991CC134C4008452FE /* Debug */ = {
			isa = XCBuildConfiguration;
			buildSettings = {
				ALWAYS_SEARCH_USER_PATHS = NO;
				CLANG_ANALYZER_NONNULL = YES;
				CLANG_CXX_LANGUAGE_STANDARD = "gnu++0x";
				CLANG_CXX_LIBRARY = "libc++";
				CLANG_ENABLE_MODULES = YES;
				CLANG_ENABLE_OBJC_ARC = YES;
				CLANG_WARN_BOOL_CONVERSION = YES;
				CLANG_WARN_CONSTANT_CONVERSION = YES;
				CLANG_WARN_DIRECT_OBJC_ISA_USAGE = YES_ERROR;
				CLANG_WARN_EMPTY_BODY = YES;
				CLANG_WARN_ENUM_CONVERSION = YES;
				CLANG_WARN_INT_CONVERSION = YES;
				CLANG_WARN_OBJC_ROOT_CLASS = YES_ERROR;
				CLANG_WARN_UNREACHABLE_CODE = YES;
				CLANG_WARN__DUPLICATE_METHOD_MATCH = YES;
				"CODE_SIGN_IDENTITY[sdk=iphoneos*]" = "iPhone Developer";
				COPY_PHASE_STRIP = NO;
				DEBUG_INFORMATION_FORMAT = dwarf;
				ENABLE_STRICT_OBJC_MSGSEND = YES;
				ENABLE_TESTABILITY = YES;
				GCC_C_LANGUAGE_STANDARD = gnu99;
				GCC_DYNAMIC_NO_PIC = NO;
				GCC_NO_COMMON_BLOCKS = YES;
				GCC_OPTIMIZATION_LEVEL = 0;
				GCC_PREPROCESSOR_DEFINITIONS = (
					"DEBUG=1",
					"$(inherited)",
				);
				GCC_WARN_64_TO_32_BIT_CONVERSION = YES;
				GCC_WARN_ABOUT_RETURN_TYPE = YES_ERROR;
				GCC_WARN_UNDECLARED_SELECTOR = YES;
				GCC_WARN_UNINITIALIZED_AUTOS = YES_AGGRESSIVE;
				GCC_WARN_UNUSED_FUNCTION = YES;
				GCC_WARN_UNUSED_VARIABLE = YES;
				IPHONEOS_DEPLOYMENT_TARGET = 9.3;
				MTL_ENABLE_DEBUG_INFO = YES;
				ONLY_ACTIVE_ARCH = YES;
				SDKROOT = iphoneos;
				SWIFT_OPTIMIZATION_LEVEL = "-Onone";
				TARGETED_DEVICE_FAMILY = "1,2";
			};
			name = Debug;
		};
		1F12419A1CC134C4008452FE /* Release */ = {
			isa = XCBuildConfiguration;
			buildSettings = {
				ALWAYS_SEARCH_USER_PATHS = NO;
				CLANG_ANALYZER_NONNULL = YES;
				CLANG_CXX_LANGUAGE_STANDARD = "gnu++0x";
				CLANG_CXX_LIBRARY = "libc++";
				CLANG_ENABLE_MODULES = YES;
				CLANG_ENABLE_OBJC_ARC = YES;
				CLANG_WARN_BOOL_CONVERSION = YES;
				CLANG_WARN_CONSTANT_CONVERSION = YES;
				CLANG_WARN_DIRECT_OBJC_ISA_USAGE = YES_ERROR;
				CLANG_WARN_EMPTY_BODY = YES;
				CLANG_WARN_ENUM_CONVERSION = YES;
				CLANG_WARN_INT_CONVERSION = YES;
				CLANG_WARN_OBJC_ROOT_CLASS = YES_ERROR;
				CLANG_WARN_UNREACHABLE_CODE = YES;
				CLANG_WARN__DUPLICATE_METHOD_MATCH = YES;
				"CODE_SIGN_IDENTITY[sdk=iphoneos*]" = "iPhone Developer";
				COPY_PHASE_STRIP = NO;
				DEBUG_INFORMATION_FORMAT = "dwarf-with-dsym";
				ENABLE_NS_ASSERTIONS = NO;
				ENABLE_STRICT_OBJC_MSGSEND = YES;
				GCC_C_LANGUAGE_STANDARD = gnu99;
				GCC_NO_COMMON_BLOCKS = YES;
				GCC_WARN_64_TO_32_BIT_CONVERSION = YES;
				GCC_WARN_ABOUT_RETURN_TYPE = YES_ERROR;
				GCC_WARN_UNDECLARED_SELECTOR = YES;
				GCC_WARN_UNINITIALIZED_AUTOS = YES_AGGRESSIVE;
				GCC_WARN_UNUSED_FUNCTION = YES;
				GCC_WARN_UNUSED_VARIABLE = YES;
				IPHONEOS_DEPLOYMENT_TARGET = 9.3;
				MTL_ENABLE_DEBUG_INFO = NO;
				SDKROOT = iphoneos;
				TARGETED_DEVICE_FAMILY = "1,2";
				VALIDATE_PRODUCT = YES;
			};
			name = Release;
		};
		1F12419C1CC134C4008452FE /* Debug */ = {
			isa = XCBuildConfiguration;
			buildSettings = {
				ASSETCATALOG_COMPILER_APPICON_NAME = AppIcon;
				FRAMEWORK_SEARCH_PATHS = (
					"$(inherited)",
					"$(PROJECT_DIR)/Carthage/Build/iOS",
				);
				INFOPLIST_FILE = TestRun/Info.plist;
				LD_RUNPATH_SEARCH_PATHS = "$(inherited) @executable_path/Frameworks";
				PRODUCT_BUNDLE_IDENTIFIER = com.guanshanliu.TestRun;
				PRODUCT_NAME = "$(TARGET_NAME)";
			};
			name = Debug;
		};
		1F12419D1CC134C4008452FE /* Release */ = {
			isa = XCBuildConfiguration;
			buildSettings = {
				ASSETCATALOG_COMPILER_APPICON_NAME = AppIcon;
				FRAMEWORK_SEARCH_PATHS = (
					"$(inherited)",
					"$(PROJECT_DIR)/Carthage/Build/iOS",
				);
				INFOPLIST_FILE = TestRun/Info.plist;
				LD_RUNPATH_SEARCH_PATHS = "$(inherited) @executable_path/Frameworks";
				PRODUCT_BUNDLE_IDENTIFIER = com.guanshanliu.TestRun;
				PRODUCT_NAME = "$(TARGET_NAME)";
			};
			name = Release;
		};
		1F12419F1CC134C4008452FE /* Debug */ = {
			isa = XCBuildConfiguration;
			buildSettings = {
				BUNDLE_LOADER = "$(TEST_HOST)";
				INFOPLIST_FILE = TestRunTests/Info.plist;
				LD_RUNPATH_SEARCH_PATHS = "$(inherited) @executable_path/Frameworks @loader_path/Frameworks";
				PRODUCT_BUNDLE_IDENTIFIER = com.guanshanliu.TestRunTests;
				PRODUCT_NAME = "$(TARGET_NAME)";
				TEST_HOST = "$(BUILT_PRODUCTS_DIR)/TestRun.app/TestRun";
			};
			name = Debug;
		};
		1F1241A01CC134C4008452FE /* Release */ = {
			isa = XCBuildConfiguration;
			buildSettings = {
				BUNDLE_LOADER = "$(TEST_HOST)";
				INFOPLIST_FILE = TestRunTests/Info.plist;
				LD_RUNPATH_SEARCH_PATHS = "$(inherited) @executable_path/Frameworks @loader_path/Frameworks";
				PRODUCT_BUNDLE_IDENTIFIER = com.guanshanliu.TestRunTests;
				PRODUCT_NAME = "$(TARGET_NAME)";
				TEST_HOST = "$(BUILT_PRODUCTS_DIR)/TestRun.app/TestRun";
			};
			name = Release;
		};
		1F1241A21CC134C4008452FE /* Debug */ = {
			isa = XCBuildConfiguration;
			buildSettings = {
				INFOPLIST_FILE = TestRunUITests/Info.plist;
				LD_RUNPATH_SEARCH_PATHS = "$(inherited) @executable_path/Frameworks @loader_path/Frameworks";
				PRODUCT_BUNDLE_IDENTIFIER = com.guanshanliu.TestRunUITests;
				PRODUCT_NAME = "$(TARGET_NAME)";
				TEST_TARGET_NAME = TestRun;
			};
			name = Debug;
		};
		1F1241A31CC134C4008452FE /* Release */ = {
			isa = XCBuildConfiguration;
			buildSettings = {
				INFOPLIST_FILE = TestRunUITests/Info.plist;
				LD_RUNPATH_SEARCH_PATHS = "$(inherited) @executable_path/Frameworks @loader_path/Frameworks";
				PRODUCT_BUNDLE_IDENTIFIER = com.guanshanliu.TestRunUITests;
				PRODUCT_NAME = "$(TARGET_NAME)";
				TEST_TARGET_NAME = TestRun;
			};
			name = Release;
		};
/* End XCBuildConfiguration section */

/* Begin XCConfigurationList section */
		1F12416E1CC134C4008452FE /* Build configuration list for PBXProject "TestRun" */ = {
			isa = XCConfigurationList;
			buildConfigurations = (
				1F1241991CC134C4008452FE /* Debug */,
				1F12419A1CC134C4008452FE /* Release */,
			);
			defaultConfigurationIsVisible = 0;
			defaultConfigurationName = Release;
		};
		1F12419B1CC134C4008452FE /* Build configuration list for PBXNativeTarget "TestRun" */ = {
			isa = XCConfigurationList;
			buildConfigurations = (
				1F12419C1CC134C4008452FE /* Debug */,
				1F12419D1CC134C4008452FE /* Release */,
			);
			defaultConfigurationIsVisible = 0;
		};
		1F12419E1CC134C4008452FE /* Build configuration list for PBXNativeTarget "TestRunTests" */ = {
			isa = XCConfigurationList;
			buildConfigurations = (
				1F12419F1CC134C4008452FE /* Debug */,
				1F1241A01CC134C4008452FE /* Release */,
			);
			defaultConfigurationIsVisible = 0;
		};
		1F1241A11CC134C4008452FE /* Build configuration list for PBXNativeTarget "TestRunUITests" */ = {
			isa = XCConfigurationList;
			buildConfigurations = (
				1F1241A21CC134C4008452FE /* Debug */,
				1F1241A31CC134C4008452FE /* Release */,
			);
			defaultConfigurationIsVisible = 0;
		};
/* End XCConfigurationList section */
	};
	rootObject = 1F12416B1CC134C4008452FE /* Project object */;
}
